// !$*UTF8*$!
{
	archiveVersion = 1;
	classes = {
	};
	objectVersion = 48;
	objects = {

/* Begin PBXBuildFile section */
		368615DF2023783200421C55 /* AppDelegate.swift in Sources */ = {isa = PBXBuildFile; fileRef = 368615DE2023783200421C55 /* AppDelegate.swift */; };
		368615E12023783200421C55 /* ViewController.swift in Sources */ = {isa = PBXBuildFile; fileRef = 368615E02023783200421C55 /* ViewController.swift */; };
		368615E42023783200421C55 /* Main.storyboard in Resources */ = {isa = PBXBuildFile; fileRef = 368615E22023783200421C55 /* Main.storyboard */; };
		368615E72023783200421C55 /* FavouriteAds.xcdatamodeld in Sources */ = {isa = PBXBuildFile; fileRef = 368615E52023783200421C55 /* FavouriteAds.xcdatamodeld */; };
		368615E92023783200421C55 /* Assets.xcassets in Resources */ = {isa = PBXBuildFile; fileRef = 368615E82023783200421C55 /* Assets.xcassets */; };
		368615EC2023783200421C55 /* LaunchScreen.storyboard in Resources */ = {isa = PBXBuildFile; fileRef = 368615EA2023783200421C55 /* LaunchScreen.storyboard */; };
/* End PBXBuildFile section */

/* Begin PBXFileReference section */
		368615DB2023783200421C55 /* FavouriteAds.app */ = {isa = PBXFileReference; explicitFileType = wrapper.application; includeInIndex = 0; path = FavouriteAds.app; sourceTree = BUILT_PRODUCTS_DIR; };
		368615DE2023783200421C55 /* AppDelegate.swift */ = {isa = PBXFileReference; lastKnownFileType = sourcecode.swift; path = AppDelegate.swift; sourceTree = "<group>"; };
		368615E02023783200421C55 /* ViewController.swift */ = {isa = PBXFileReference; lastKnownFileType = sourcecode.swift; path = ViewController.swift; sourceTree = "<group>"; };
		368615E32023783200421C55 /* Base */ = {isa = PBXFileReference; lastKnownFileType = file.storyboard; name = Base; path = Base.lproj/Main.storyboard; sourceTree = "<group>"; };
		368615E62023783200421C55 /* FavouriteAds.xcdatamodel */ = {isa = PBXFileReference; lastKnownFileType = wrapper.xcdatamodel; path = FavouriteAds.xcdatamodel; sourceTree = "<group>"; };
		368615E82023783200421C55 /* Assets.xcassets */ = {isa = PBXFileReference; lastKnownFileType = folder.assetcatalog; path = Assets.xcassets; sourceTree = "<group>"; };
		368615EB2023783200421C55 /* Base */ = {isa = PBXFileReference; lastKnownFileType = file.storyboard; name = Base; path = Base.lproj/LaunchScreen.storyboard; sourceTree = "<group>"; };
		368615ED2023783200421C55 /* Info.plist */ = {isa = PBXFileReference; lastKnownFileType = text.plist.xml; path = Info.plist; sourceTree = "<group>"; };
/* End PBXFileReference section */

/* Begin PBXFrameworksBuildPhase section */
		368615D82023783200421C55 /* Frameworks */ = {
			isa = PBXFrameworksBuildPhase;
			buildActionMask = 2147483647;
			files = (
			);
			runOnlyForDeploymentPostprocessing = 0;
		};
/* End PBXFrameworksBuildPhase section */

/* Begin PBXGroup section */
		368615D22023783200421C55 = {
			isa = PBXGroup;
			children = (
				368615DD2023783200421C55 /* FavouriteAds */,
				368615DC2023783200421C55 /* Products */,
			);
			sourceTree = "<group>";
		};
		368615DC2023783200421C55 /* Products */ = {
			isa = PBXGroup;
			children = (
				368615DB2023783200421C55 /* FavouriteAds.app */,
			);
			name = Products;
			sourceTree = "<group>";
		};
		368615DD2023783200421C55 /* FavouriteAds */ = {
			isa = PBXGroup;
			children = (
				368615DE2023783200421C55 /* AppDelegate.swift */,
				368615E02023783200421C55 /* ViewController.swift */,
				368615E22023783200421C55 /* Main.storyboard */,
				368615E82023783200421C55 /* Assets.xcassets */,
				368615EA2023783200421C55 /* LaunchScreen.storyboard */,
				368615ED2023783200421C55 /* Info.plist */,
				368615E52023783200421C55 /* FavouriteAds.xcdatamodeld */,
			);
			path = FavouriteAds;
			sourceTree = "<group>";
		};
/* End PBXGroup section */

/* Begin PBXNativeTarget section */
		368615DA2023783200421C55 /* FavouriteAds */ = {
			isa = PBXNativeTarget;
			buildConfigurationList = 368615F02023783200421C55 /* Build configuration list for PBXNativeTarget "FavouriteAds" */;
			buildPhases = (
				368615D72023783200421C55 /* Sources */,
				368615D82023783200421C55 /* Frameworks */,
				368615D92023783200421C55 /* Resources */,
			);
			buildRules = (
			);
			dependencies = (
			);
			name = FavouriteAds;
			productName = FavouriteAds;
			productReference = 368615DB2023783200421C55 /* FavouriteAds.app */;
			productType = "com.apple.product-type.application";
		};
/* End PBXNativeTarget section */

/* Begin PBXProject section */
		368615D32023783200421C55 /* Project object */ = {
			isa = PBXProject;
			attributes = {
				LastSwiftUpdateCheck = 0920;
				LastUpgradeCheck = 0920;
				ORGANIZATIONNAME = "George Bonnici-Carter";
				TargetAttributes = {
					368615DA2023783200421C55 = {
						CreatedOnToolsVersion = 9.2;
						ProvisioningStyle = Automatic;
					};
				};
			};
			buildConfigurationList = 368615D62023783200421C55 /* Build configuration list for PBXProject "FavouriteAds" */;
			compatibilityVersion = "Xcode 8.0";
			developmentRegion = en;
			hasScannedForEncodings = 0;
			knownRegions = (
				en,
				Base,
			);
			mainGroup = 368615D22023783200421C55;
			productRefGroup = 368615DC2023783200421C55 /* Products */;
			projectDirPath = "";
			projectRoot = "";
			targets = (
				368615DA2023783200421C55 /* FavouriteAds */,
			);
		};
/* End PBXProject section */

/* Begin PBXResourcesBuildPhase section */
		368615D92023783200421C55 /* Resources */ = {
			isa = PBXResourcesBuildPhase;
			buildActionMask = 2147483647;
			files = (
				368615EC2023783200421C55 /* LaunchScreen.storyboard in Resources */,
				368615E92023783200421C55 /* Assets.xcassets in Resources */,
				368615E42023783200421C55 /* Main.storyboard in Resources */,
			);
			runOnlyForDeploymentPostprocessing = 0;
		};
/* End PBXResourcesBuildPhase section */

/* Begin PBXSourcesBuildPhase section */
		368615D72023783200421C55 /* Sources */ = {
			isa = PBXSourcesBuildPhase;
			buildActionMask = 2147483647;
			files = (
				368615E12023783200421C55 /* ViewController.swift in Sources */,
				368615DF2023783200421C55 /* AppDelegate.swift in Sources */,
				368615E72023783200421C55 /* FavouriteAds.xcdatamodeld in Sources */,
			);
			runOnlyForDeploymentPostprocessing = 0;
		};
/* End PBXSourcesBuildPhase section */

/* Begin PBXVariantGroup section */
		368615E22023783200421C55 /* Main.storyboard */ = {
			isa = PBXVariantGroup;
			children = (
				368615E32023783200421C55 /* Base */,
			);
			name = Main.storyboard;
			sourceTree = "<group>";
		};
		368615EA2023783200421C55 /* LaunchScreen.storyboard */ = {
			isa = PBXVariantGroup;
			children = (
				368615EB2023783200421C55 /* Base */,
			);
			name = LaunchScreen.storyboard;
			sourceTree = "<group>";
		};
/* End PBXVariantGroup section */

/* Begin XCBuildConfiguration section */
		368615EE2023783200421C55 /* Debug */ = {
			isa = XCBuildConfiguration;
			buildSettings = {
				ALWAYS_SEARCH_USER_PATHS = NO;
				CLANG_ANALYZER_NONNULL = YES;
				CLANG_ANALYZER_NUMBER_OBJECT_CONVERSION = YES_AGGRESSIVE;
				CLANG_CXX_LANGUAGE_STANDARD = "gnu++14";
				CLANG_CXX_LIBRARY = "libc++";
				CLANG_ENABLE_MODULES = YES;
				CLANG_ENABLE_OBJC_ARC = YES;
				CLANG_WARN_BLOCK_CAPTURE_AUTORELEASING = YES;
				CLANG_WARN_BOOL_CONVERSION = YES;
				CLANG_WARN_COMMA = YES;
				CLANG_WARN_CONSTANT_CONVERSION = YES;
				CLANG_WARN_DIRECT_OBJC_ISA_USAGE = YES_ERROR;
				CLANG_WARN_DOCUMENTATION_COMMENTS = YES;
				CLANG_WARN_EMPTY_BODY = YES;
				CLANG_WARN_ENUM_CONVERSION = YES;
				CLANG_WARN_INFINITE_RECURSION = YES;
				CLANG_WARN_INT_CONVERSION = YES;
				CLANG_WARN_NON_LITERAL_NULL_CONVERSION = YES;
				CLANG_WARN_OBJC_LITERAL_CONVERSION = YES;
				CLANG_WARN_OBJC_ROOT_CLASS = YES_ERROR;
				CLANG_WARN_RANGE_LOOP_ANALYSIS = YES;
				CLANG_WARN_STRICT_PROTOTYPES = YES;
				CLANG_WARN_SUSPICIOUS_MOVE = YES;
				CLANG_WARN_UNGUARDED_AVAILABILITY = YES_AGGRESSIVE;
				CLANG_WARN_UNREACHABLE_CODE = YES;
				CLANG_WARN__DUPLICATE_METHOD_MATCH = YES;
				CODE_SIGN_IDENTITY = "iPhone Developer";
				COPY_PHASE_STRIP = NO;
				DEBUG_INFORMATION_FORMAT = dwarf;
				ENABLE_STRICT_OBJC_MSGSEND = YES;
				ENABLE_TESTABILITY = YES;
				GCC_C_LANGUAGE_STANDARD = gnu11;
				GCC_DYNAMIC_NO_PIC = NO;
				GCC_NO_COMMON_BLOCKS = YES;
				GCC_OPTIMIZATION_LEVEL = 0;
				GCC_PREPROCESSOR_DEFINITIONS = (
					"DEBUG=1",
					"$(inherited)",
				);
				GCC_WARN_64_TO_32_BIT_CONVERSION = YES;
				GCC_WARN_ABOUT_RETURN_TYPE = YES_ERROR;
				GCC_WARN_UNDECLARED_SELECTOR = YES;
				GCC_WARN_UNINITIALIZED_AUTOS = YES_AGGRESSIVE;
				GCC_WARN_UNUSED_FUNCTION = YES;
				GCC_WARN_UNUSED_VARIABLE = YES;
				IPHONEOS_DEPLOYMENT_TARGET = 11.2;
				MTL_ENABLE_DEBUG_INFO = YES;
				ONLY_ACTIVE_ARCH = YES;
				SDKROOT = iphoneos;
				SWIFT_ACTIVE_COMPILATION_CONDITIONS = DEBUG;
				SWIFT_OPTIMIZATION_LEVEL = "-Onone";
			};
			name = Debug;
		};
		368615EF2023783200421C55 /* Release */ = {
			isa = XCBuildConfiguration;
			buildSettings = {
				ALWAYS_SEARCH_USER_PATHS = NO;
				CLANG_ANALYZER_NONNULL = YES;
				CLANG_ANALYZER_NUMBER_OBJECT_CONVERSION = YES_AGGRESSIVE;
				CLANG_CXX_LANGUAGE_STANDARD = "gnu++14";
				CLANG_CXX_LIBRARY = "libc++";
				CLANG_ENABLE_MODULES = YES;
				CLANG_ENABLE_OBJC_ARC = YES;
				CLANG_WARN_BLOCK_CAPTURE_AUTORELEASING = YES;
				CLANG_WARN_BOOL_CONVERSION = YES;
				CLANG_WARN_COMMA = YES;
				CLANG_WARN_CONSTANT_CONVERSION = YES;
				CLANG_WARN_DIRECT_OBJC_ISA_USAGE = YES_ERROR;
				CLANG_WARN_DOCUMENTATION_COMMENTS = YES;
				CLANG_WARN_EMPTY_BODY = YES;
				CLANG_WARN_ENUM_CONVERSION = YES;
				CLANG_WARN_INFINITE_RECURSION = YES;
				CLANG_WARN_INT_CONVERSION = YES;
				CLANG_WARN_NON_LITERAL_NULL_CONVERSION = YES;
				CLANG_WARN_OBJC_LITERAL_CONVERSION = YES;
				CLANG_WARN_OBJC_ROOT_CLASS = YES_ERROR;
				CLANG_WARN_RANGE_LOOP_ANALYSIS = YES;
				CLANG_WARN_STRICT_PROTOTYPES = YES;
				CLANG_WARN_SUSPICIOUS_MOVE = YES;
				CLANG_WARN_UNGUARDED_AVAILABILITY = YES_AGGRESSIVE;
				CLANG_WARN_UNREACHABLE_CODE = YES;
				CLANG_WARN__DUPLICATE_METHOD_MATCH = YES;
				CODE_SIGN_IDENTITY = "iPhone Developer";
				COPY_PHASE_STRIP = NO;
				DEBUG_INFORMATION_FORMAT = "dwarf-with-dsym";
				ENABLE_NS_ASSERTIONS = NO;
				ENABLE_STRICT_OBJC_MSGSEND = YES;
				GCC_C_LANGUAGE_STANDARD = gnu11;
				GCC_NO_COMMON_BLOCKS = YES;
				GCC_WARN_64_TO_32_BIT_CONVERSION = YES;
				GCC_WARN_ABOUT_RETURN_TYPE = YES_ERROR;
				GCC_WARN_UNDECLARED_SELECTOR = YES;
				GCC_WARN_UNINITIALIZED_AUTOS = YES_AGGRESSIVE;
				GCC_WARN_UNUSED_FUNCTION = YES;
				GCC_WARN_UNUSED_VARIABLE = YES;
				IPHONEOS_DEPLOYMENT_TARGET = 11.2;
				MTL_ENABLE_DEBUG_INFO = NO;
				SDKROOT = iphoneos;
				SWIFT_OPTIMIZATION_LEVEL = "-Owholemodule";
				VALIDATE_PRODUCT = YES;
			};
			name = Release;
		};
		368615F12023783200421C55 /* Debug */ = {
			isa = XCBuildConfiguration;
			buildSettings = {
				ASSETCATALOG_COMPILER_APPICON_NAME = AppIcon;
				CODE_SIGN_STYLE = Automatic;
				INFOPLIST_FILE = FavouriteAds/Info.plist;
				LD_RUNPATH_SEARCH_PATHS = "$(inherited) @executable_path/Frameworks";
				PRODUCT_BUNDLE_IDENTIFIER = com.example.FavouriteAds;
				PRODUCT_NAME = "$(TARGET_NAME)";
				SWIFT_VERSION = 4.0;
				TARGETED_DEVICE_FAMILY = "1,2";
			};
			name = Debug;
		};
		368615F22023783200421C55 /* Release */ = {
			isa = XCBuildConfiguration;
			buildSettings = {
				ASSETCATALOG_COMPILER_APPICON_NAME = AppIcon;
				CODE_SIGN_STYLE = Automatic;
				INFOPLIST_FILE = FavouriteAds/Info.plist;
				LD_RUNPATH_SEARCH_PATHS = "$(inherited) @executable_path/Frameworks";
				PRODUCT_BUNDLE_IDENTIFIER = com.example.FavouriteAds;
				PRODUCT_NAME = "$(TARGET_NAME)";
				SWIFT_VERSION = 4.0;
				TARGETED_DEVICE_FAMILY = "1,2";
			};
			name = Release;
		};
/* End XCBuildConfiguration section */

/* Begin XCConfigurationList section */
		368615D62023783200421C55 /* Build configuration list for PBXProject "FavouriteAds" */ = {
			isa = XCConfigurationList;
			buildConfigurations = (
				368615EE2023783200421C55 /* Debug */,
				368615EF2023783200421C55 /* Release */,
			);
			defaultConfigurationIsVisible = 0;
			defaultConfigurationName = Release;
		};
		368615F02023783200421C55 /* Build configuration list for PBXNativeTarget "FavouriteAds" */ = {
			isa = XCConfigurationList;
			buildConfigurations = (
				368615F12023783200421C55 /* Debug */,
				368615F22023783200421C55 /* Release */,
			);
			defaultConfigurationIsVisible = 0;
			defaultConfigurationName = Release;
		};
/* End XCConfigurationList section */

/* Begin XCVersionGroup section */
		368615E52023783200421C55 /* FavouriteAds.xcdatamodeld */ = {
			isa = XCVersionGroup;
			children = (
				368615E62023783200421C55 /* FavouriteAds.xcdatamodel */,
			);
			currentVersion = 368615E62023783200421C55 /* FavouriteAds.xcdatamodel */;
			path = FavouriteAds.xcdatamodeld;
			sourceTree = "<group>";
			versionGroupType = wrapper.xcdatamodel;
		};
/* End XCVersionGroup section */
	};
	rootObject = 368615D32023783200421C55 /* Project object */;
}
